
Microsoft Visual Studio Solution File, Format Version 12.00
# Visual Studio Version 17
VisualStudioVersion = 17.7.34031.279
MinimumVisualStudioVersion = 10.0.40219.1
Project("{8BC9CEB8-8B4A-11D0-8D11-00A0C91BC942}") = "Exam_Registration_System", "Exam_Registration_System\Exam_Registration_System.vcxproj", "{EB1CA85B-FA67-445E-93BA-7B7822694965}"
EndProject
Project("{8BC9CEB8-8B4A-11D0-8D11-00A0C91BC942}") = "Josephus_Problem", "Josephus_Problem\Josephus_Problem.vcxproj", "{A99500C9-6ED8-4179-99AE-ECDC9D7DD7CD}"
EndProject
Global
	GlobalSection(SolutionConfigurationPlatforms) = preSolution
		Debug|x64 = Debug|x64
		Debug|x86 = Debug|x86
		Release|x64 = Release|x64
		Release|x86 = Release|x86
	EndGlobalSection
	GlobalSection(ProjectConfigurationPlatforms) = postSolution
		{EB1CA85B-FA67-445E-93BA-7B7822694965}.Debug|x64.ActiveCfg = Debug|x64
		{EB1CA85B-FA67-445E-93BA-7B7822694965}.Debug|x64.Build.0 = Debug|x64
		{EB1CA85B-FA67-445E-93BA-7B7822694965}.Debug|x86.ActiveCfg = Debug|Win32
		{EB1CA85B-FA67-445E-93BA-7B7822694965}.Debug|x86.Build.0 = Debug|Win32
		{EB1CA85B-FA67-445E-93BA-7B7822694965}.Release|x64.ActiveCfg = Release|x64
		{EB1CA85B-FA67-445E-93BA-7B7822694965}.Release|x64.Build.0 = Release|x64
		{EB1CA85B-FA67-445E-93BA-7B7822694965}.Release|x86.ActiveCfg = Release|Win32
		{EB1CA85B-FA67-445E-93BA-7B7822694965}.Release|x86.Build.0 = Release|Win32
		{A99500C9-6ED8-4179-99AE-ECDC9D7DD7CD}.Debug|x64.ActiveCfg = Debug|x64
		{A99500C9-6ED8-4179-99AE-ECDC9D7DD7CD}.Debug|x64.Build.0 = Debug|x64
		{A99500C9-6ED8-4179-99AE-ECDC9D7DD7CD}.Debug|x86.ActiveCfg = Debug|Win32
		{A99500C9-6ED8-4179-99AE-ECDC9D7DD7CD}.Debug|x86.Build.0 = Debug|Win32
		{A99500C9-6ED8-4179-99AE-ECDC9D7DD7CD}.Release|x64.ActiveCfg = Release|x64
		{A99500C9-6ED8-4179-99AE-ECDC9D7DD7CD}.Release|x64.Build.0 = Release|x64
		{A99500C9-6ED8-4179-99AE-ECDC9D7DD7CD}.Release|x86.ActiveCfg = Release|Win32
		{A99500C9-6ED8-4179-99AE-ECDC9D7DD7CD}.Release|x86.Build.0 = Release|Win32
	EndGlobalSection
	GlobalSection(SolutionProperties) = preSolution
		HideSolutionNode = FALSE
	EndGlobalSection
	GlobalSection(ExtensibilityGlobals) = postSolution
		SolutionGuid = {9D412D00-C65D-496E-A275-32AA9B342D7E}
	EndGlobalSection
EndGlobal
